
Microsoft Visual Studio Solution File, Format Version 12.00
# Visual Studio Version 16
VisualStudioVersion = 16.0.29324.140
MinimumVisualStudioVersion = 10.0.40219.1
Project("{FAE04EC0-301F-11D3-BF4B-00C04F79EFBC}") = "ConsoleApp", "ConsoleApp\ConsoleApp.csproj", "{F511C042-202C-4350-8701-35E7B7DDAFC4}"
EndProject
Project("{FAE04EC0-301F-11D3-BF4B-00C04F79EFBC}") = "ParallelRecognition", "ParallelRecognition\ParallelRecognition.csproj", "{67540244-D6FA-4BEB-A4FF-00BB0DD7D628}"
EndProject
Project("{FAE04EC0-301F-11D3-BF4B-00C04F79EFBC}") = "GuiVariant", "GuiVariant\GuiVariant.csproj", "{BCE3F246-ADD1-4841-8193-FF20AFE7CF0A}"
EndProject
Project("{9A19103F-16F7-4668-BE54-9A1E7A4F7556}") = "RESTService", "RESTService\RESTService.csproj", "{04075BF8-2758-4334-8C77-E208147C44B7}"
EndProject
Project("{FAE04EC0-301F-11D3-BF4B-00C04F79EFBC}") = "CoreParallelRecognition", "CoreParallelRecognition\CoreParallelRecognition.csproj", "{F41CFEBE-B1FD-42B1-A943-3198B8577BC0}"
EndProject
Global
	GlobalSection(SolutionConfigurationPlatforms) = preSolution
		Debug|Any CPU = Debug|Any CPU
		Debug|x64 = Debug|x64
		Release|Any CPU = Release|Any CPU
		Release|x64 = Release|x64
	EndGlobalSection
	GlobalSection(ProjectConfigurationPlatforms) = postSolution
		{F511C042-202C-4350-8701-35E7B7DDAFC4}.Debug|Any CPU.ActiveCfg = Debug|x64
		{F511C042-202C-4350-8701-35E7B7DDAFC4}.Debug|x64.ActiveCfg = Debug|x64
		{F511C042-202C-4350-8701-35E7B7DDAFC4}.Debug|x64.Build.0 = Debug|x64
		{F511C042-202C-4350-8701-35E7B7DDAFC4}.Release|Any CPU.ActiveCfg = Release|x64
		{F511C042-202C-4350-8701-35E7B7DDAFC4}.Release|x64.ActiveCfg = Release|x64
		{F511C042-202C-4350-8701-35E7B7DDAFC4}.Release|x64.Build.0 = Release|x64
		{67540244-D6FA-4BEB-A4FF-00BB0DD7D628}.Debug|Any CPU.ActiveCfg = Debug|x64
		{67540244-D6FA-4BEB-A4FF-00BB0DD7D628}.Debug|x64.ActiveCfg = Debug|x64
		{67540244-D6FA-4BEB-A4FF-00BB0DD7D628}.Debug|x64.Build.0 = Debug|x64
		{67540244-D6FA-4BEB-A4FF-00BB0DD7D628}.Release|Any CPU.ActiveCfg = Release|x64
		{67540244-D6FA-4BEB-A4FF-00BB0DD7D628}.Release|x64.ActiveCfg = Release|x64
		{67540244-D6FA-4BEB-A4FF-00BB0DD7D628}.Release|x64.Build.0 = Release|x64
		{BCE3F246-ADD1-4841-8193-FF20AFE7CF0A}.Debug|Any CPU.ActiveCfg = Debug|x64
		{BCE3F246-ADD1-4841-8193-FF20AFE7CF0A}.Debug|x64.ActiveCfg = Debug|x64
		{BCE3F246-ADD1-4841-8193-FF20AFE7CF0A}.Debug|x64.Build.0 = Debug|x64
		{BCE3F246-ADD1-4841-8193-FF20AFE7CF0A}.Release|Any CPU.ActiveCfg = Release|x64
		{BCE3F246-ADD1-4841-8193-FF20AFE7CF0A}.Release|x64.ActiveCfg = Release|x64
		{BCE3F246-ADD1-4841-8193-FF20AFE7CF0A}.Release|x64.Build.0 = Release|x64
		{04075BF8-2758-4334-8C77-E208147C44B7}.Debug|Any CPU.ActiveCfg = Debug|Any CPU
		{04075BF8-2758-4334-8C77-E208147C44B7}.Debug|Any CPU.Build.0 = Debug|Any CPU
		{04075BF8-2758-4334-8C77-E208147C44B7}.Debug|x64.ActiveCfg = Debug|x64
		{04075BF8-2758-4334-8C77-E208147C44B7}.Debug|x64.Build.0 = Debug|x64
		{04075BF8-2758-4334-8C77-E208147C44B7}.Release|Any CPU.ActiveCfg = Release|Any CPU
		{04075BF8-2758-4334-8C77-E208147C44B7}.Release|Any CPU.Build.0 = Release|Any CPU
		{04075BF8-2758-4334-8C77-E208147C44B7}.Release|x64.ActiveCfg = Release|x64
		{04075BF8-2758-4334-8C77-E208147C44B7}.Release|x64.Build.0 = Release|x64
		{F41CFEBE-B1FD-42B1-A943-3198B8577BC0}.Debug|Any CPU.ActiveCfg = Debug|Any CPU
		{F41CFEBE-B1FD-42B1-A943-3198B8577BC0}.Debug|Any CPU.Build.0 = Debug|Any CPU
		{F41CFEBE-B1FD-42B1-A943-3198B8577BC0}.Debug|x64.ActiveCfg = Debug|Any CPU
		{F41CFEBE-B1FD-42B1-A943-3198B8577BC0}.Debug|x64.Build.0 = Debug|Any CPU
		{F41CFEBE-B1FD-42B1-A943-3198B8577BC0}.Release|Any CPU.ActiveCfg = Release|Any CPU
		{F41CFEBE-B1FD-42B1-A943-3198B8577BC0}.Release|Any CPU.Build.0 = Release|Any CPU
		{F41CFEBE-B1FD-42B1-A943-3198B8577BC0}.Release|x64.ActiveCfg = Release|Any CPU
		{F41CFEBE-B1FD-42B1-A943-3198B8577BC0}.Release|x64.Build.0 = Release|Any CPU
	EndGlobalSection
	GlobalSection(SolutionProperties) = preSolution
		HideSolutionNode = FALSE
	EndGlobalSection
	GlobalSection(ExtensibilityGlobals) = postSolution
		SolutionGuid = {3EEDF587-5D94-4EDB-8B5B-03439CCD2BB7}
	EndGlobalSection
EndGlobal
